
Microsoft Visual Studio Solution File, Format Version 12.00
# Visual Studio 15
VisualStudioVersion = 15.0.28307.645
MinimumVisualStudioVersion = 10.0.40219.1
Project("{FAE04EC0-301F-11D3-BF4B-00C04F79EFBC}") = "TestProgram", "TestProgram\TestProgram.csproj", "{564F76C6-0F27-4B7E-97AF-58F426AF1BF6}"
EndProject
Global
	GlobalSection(SolutionConfigurationPlatforms) = preSolution
		Debug|Any CPU = Debug|Any CPU
		Release|Any CPU = Release|Any CPU
	EndGlobalSection
	GlobalSection(ProjectConfigurationPlatforms) = postSolution
		{564F76C6-0F27-4B7E-97AF-58F426AF1BF6}.Debug|Any CPU.ActiveCfg = Debug|Any CPU
		{564F76C6-0F27-4B7E-97AF-58F426AF1BF6}.Debug|Any CPU.Build.0 = Debug|Any CPU
		{564F76C6-0F27-4B7E-97AF-58F426AF1BF6}.Release|Any CPU.ActiveCfg = Release|Any CPU
		{564F76C6-0F27-4B7E-97AF-58F426AF1BF6}.Release|Any CPU.Build.0 = Release|Any CPU
	EndGlobalSection
	GlobalSection(SolutionProperties) = preSolution
		HideSolutionNode = FALSE
	EndGlobalSection
	GlobalSection(ExtensibilityGlobals) = postSolution
		SolutionGuid = {127398E3-9C14-4741-8956-6632375647DC}
	EndGlobalSection
EndGlobal
