
Microsoft Visual Studio Solution File, Format Version 12.00
# Visual Studio 15
VisualStudioVersion = 15.0.28307.645
MinimumVisualStudioVersion = 10.0.40219.1
Project("{FAE04EC0-301F-11D3-BF4B-00C04F79EFBC}") = "TriangleArea", "TriangleArea\TriangleArea.csproj", "{595FE560-1CB2-4673-ADED-0F4EC3F88DE1}"
EndProject
Global
	GlobalSection(SolutionConfigurationPlatforms) = preSolution
		Debug|Any CPU = Debug|Any CPU
		Release|Any CPU = Release|Any CPU
	EndGlobalSection
	GlobalSection(ProjectConfigurationPlatforms) = postSolution
		{595FE560-1CB2-4673-ADED-0F4EC3F88DE1}.Debug|Any CPU.ActiveCfg = Debug|Any CPU
		{595FE560-1CB2-4673-ADED-0F4EC3F88DE1}.Debug|Any CPU.Build.0 = Debug|Any CPU
		{595FE560-1CB2-4673-ADED-0F4EC3F88DE1}.Release|Any CPU.ActiveCfg = Release|Any CPU
		{595FE560-1CB2-4673-ADED-0F4EC3F88DE1}.Release|Any CPU.Build.0 = Release|Any CPU
	EndGlobalSection
	GlobalSection(SolutionProperties) = preSolution
		HideSolutionNode = FALSE
	EndGlobalSection
	GlobalSection(ExtensibilityGlobals) = postSolution
		SolutionGuid = {D25281CA-F8A2-4A78-930C-B2B2C58CEDF7}
	EndGlobalSection
EndGlobal
