
Microsoft Visual Studio Solution File, Format Version 12.00
# Visual Studio Version 16
VisualStudioVersion = 16.0.30907.101
MinimumVisualStudioVersion = 10.0.40219.1
Project("{FAE04EC0-301F-11D3-BF4B-00C04F79EFBC}") = "HandsofCards", "HandsofCards\HandsofCards.csproj", "{58EF81A8-BB33-4C45-9141-2A10BE8A2819}"
EndProject
Global
	GlobalSection(SolutionConfigurationPlatforms) = preSolution
		Debug|Any CPU = Debug|Any CPU
		Release|Any CPU = Release|Any CPU
	EndGlobalSection
	GlobalSection(ProjectConfigurationPlatforms) = postSolution
		{58EF81A8-BB33-4C45-9141-2A10BE8A2819}.Debug|Any CPU.ActiveCfg = Debug|Any CPU
		{58EF81A8-BB33-4C45-9141-2A10BE8A2819}.Debug|Any CPU.Build.0 = Debug|Any CPU
		{58EF81A8-BB33-4C45-9141-2A10BE8A2819}.Release|Any CPU.ActiveCfg = Release|Any CPU
		{58EF81A8-BB33-4C45-9141-2A10BE8A2819}.Release|Any CPU.Build.0 = Release|Any CPU
	EndGlobalSection
	GlobalSection(SolutionProperties) = preSolution
		HideSolutionNode = FALSE
	EndGlobalSection
	GlobalSection(ExtensibilityGlobals) = postSolution
		SolutionGuid = {75C34173-FBAC-41DF-B2B6-2B0187EBFC4F}
	EndGlobalSection
EndGlobal
