
Microsoft Visual Studio Solution File, Format Version 12.00
# Visual Studio 15
VisualStudioVersion = 15.0.28307.645
MinimumVisualStudioVersion = 10.0.40219.1
Project("{FAE04EC0-301F-11D3-BF4B-00C04F79EFBC}") = "InchToSm", "InchToSm\InchToSm.csproj", "{54D78D77-EC89-4252-B1D5-B1D5AF025D05}"
EndProject
Global
	GlobalSection(SolutionConfigurationPlatforms) = preSolution
		Debug|Any CPU = Debug|Any CPU
		Release|Any CPU = Release|Any CPU
	EndGlobalSection
	GlobalSection(ProjectConfigurationPlatforms) = postSolution
		{54D78D77-EC89-4252-B1D5-B1D5AF025D05}.Debug|Any CPU.ActiveCfg = Debug|Any CPU
		{54D78D77-EC89-4252-B1D5-B1D5AF025D05}.Debug|Any CPU.Build.0 = Debug|Any CPU
		{54D78D77-EC89-4252-B1D5-B1D5AF025D05}.Release|Any CPU.ActiveCfg = Release|Any CPU
		{54D78D77-EC89-4252-B1D5-B1D5AF025D05}.Release|Any CPU.Build.0 = Release|Any CPU
	EndGlobalSection
	GlobalSection(SolutionProperties) = preSolution
		HideSolutionNode = FALSE
	EndGlobalSection
	GlobalSection(ExtensibilityGlobals) = postSolution
		SolutionGuid = {BE49320E-59B6-4786-8722-870D4157C35B}
	EndGlobalSection
EndGlobal
