
Microsoft Visual Studio Solution File, Format Version 12.00
# Visual Studio 15
VisualStudioVersion = 15.0.28307.645
MinimumVisualStudioVersion = 10.0.40219.1
Project("{FAE04EC0-301F-11D3-BF4B-00C04F79EFBC}") = "TrapezoidArea", "TrapezoidArea\TrapezoidArea.csproj", "{8247C773-5F80-43DA-8EAA-1D7B9F48C845}"
EndProject
Global
	GlobalSection(SolutionConfigurationPlatforms) = preSolution
		Debug|Any CPU = Debug|Any CPU
		Release|Any CPU = Release|Any CPU
	EndGlobalSection
	GlobalSection(ProjectConfigurationPlatforms) = postSolution
		{8247C773-5F80-43DA-8EAA-1D7B9F48C845}.Debug|Any CPU.ActiveCfg = Debug|Any CPU
		{8247C773-5F80-43DA-8EAA-1D7B9F48C845}.Debug|Any CPU.Build.0 = Debug|Any CPU
		{8247C773-5F80-43DA-8EAA-1D7B9F48C845}.Release|Any CPU.ActiveCfg = Release|Any CPU
		{8247C773-5F80-43DA-8EAA-1D7B9F48C845}.Release|Any CPU.Build.0 = Release|Any CPU
	EndGlobalSection
	GlobalSection(SolutionProperties) = preSolution
		HideSolutionNode = FALSE
	EndGlobalSection
	GlobalSection(ExtensibilityGlobals) = postSolution
		SolutionGuid = {EF1A599A-6705-4D91-AE08-B5D9E1A11F8B}
	EndGlobalSection
EndGlobal
