
Microsoft Visual Studio Solution File, Format Version 12.00
# Visual Studio Version 16
VisualStudioVersion = 16.0.30907.101
MinimumVisualStudioVersion = 10.0.40219.1
Project("{9A19103F-16F7-4668-BE54-9A1E7A4F7556}") = "PoundsToDollars", "DataTipesAndVariables\PoundsToDollars.csproj", "{D2DA6997-F720-45B9-BF47-5AFDC0577BB2}"
EndProject
Project("{9A19103F-16F7-4668-BE54-9A1E7A4F7556}") = "ConvertMetersToKilometers", "ConvertMetersToKilometers\ConvertMetersToKilometers.csproj", "{A5870B6A-7437-4C58-8BE4-DF0AFC58A794}"
EndProject
Project("{9A19103F-16F7-4668-BE54-9A1E7A4F7556}") = "CenturiesToMinutes", "CenturiesToMinutes\CenturiesToMinutes.csproj", "{01E7A391-D7B9-4EE5-A966-F89411859BEA}"
EndProject
Project("{FAE04EC0-301F-11D3-BF4B-00C04F79EFBC}") = "IntegerOperations", "IntegerOperations\IntegerOperations.csproj", "{567DB982-A4BF-4EE7-ADDB-82396AFD3AE4}"
EndProject
Project("{FAE04EC0-301F-11D3-BF4B-00C04F79EFBC}") = "SumDigits", "SumDigits\SumDigits.csproj", "{11FFB083-3F76-419E-9479-AB9A581EB4C6}"
EndProject
Project("{FAE04EC0-301F-11D3-BF4B-00C04F79EFBC}") = "Elevator", "Elevator\Elevator.csproj", "{282A08D1-F67B-45F9-936C-40C8DC370C44}"
EndProject
Project("{FAE04EC0-301F-11D3-BF4B-00C04F79EFBC}") = "SumOfChars", "SumOfChars\SumOfChars.csproj", "{78A67DB2-D03E-40B5-A76F-FB1F1028108D}"
EndProject
Project("{FAE04EC0-301F-11D3-BF4B-00C04F79EFBC}") = "PrintPartOfTheASCIITable", "PrintPartOfTheASCIITable\PrintPartOfTheASCIITable.csproj", "{4D756F53-3D37-4893-A9CA-AAC1A4CF5337}"
EndProject
Project("{FAE04EC0-301F-11D3-BF4B-00C04F79EFBC}") = "TriplesOfLatinLetters", "TriplesOfLatinLetters\TriplesOfLatinLetters.csproj", "{26DB6426-8665-4D71-B816-C2DF2DDF32D5}"
EndProject
Project("{FAE04EC0-301F-11D3-BF4B-00C04F79EFBC}") = "WaterOverflow", "WaterOverflow\WaterOverflow.csproj", "{F6F1DB49-13F6-4434-9735-A5C84293E7BD}"
EndProject
Project("{FAE04EC0-301F-11D3-BF4B-00C04F79EFBC}") = "BeerKegs", "BeerKegs\BeerKegs.csproj", "{A5F19E59-617B-4A76-A66B-9AC682185B24}"
EndProject
Project("{FAE04EC0-301F-11D3-BF4B-00C04F79EFBC}") = "PokeMon", "SpiceMustFlow\PokeMon.csproj", "{A5B2F4B7-E99E-478A-8FF0-ABD8E4514372}"
EndProject
Global
	GlobalSection(SolutionConfigurationPlatforms) = preSolution
		Debug|Any CPU = Debug|Any CPU
		Release|Any CPU = Release|Any CPU
	EndGlobalSection
	GlobalSection(ProjectConfigurationPlatforms) = postSolution
		{D2DA6997-F720-45B9-BF47-5AFDC0577BB2}.Debug|Any CPU.ActiveCfg = Debug|Any CPU
		{D2DA6997-F720-45B9-BF47-5AFDC0577BB2}.Debug|Any CPU.Build.0 = Debug|Any CPU
		{D2DA6997-F720-45B9-BF47-5AFDC0577BB2}.Release|Any CPU.ActiveCfg = Release|Any CPU
		{D2DA6997-F720-45B9-BF47-5AFDC0577BB2}.Release|Any CPU.Build.0 = Release|Any CPU
		{A5870B6A-7437-4C58-8BE4-DF0AFC58A794}.Debug|Any CPU.ActiveCfg = Debug|Any CPU
		{A5870B6A-7437-4C58-8BE4-DF0AFC58A794}.Debug|Any CPU.Build.0 = Debug|Any CPU
		{A5870B6A-7437-4C58-8BE4-DF0AFC58A794}.Release|Any CPU.ActiveCfg = Release|Any CPU
		{A5870B6A-7437-4C58-8BE4-DF0AFC58A794}.Release|Any CPU.Build.0 = Release|Any CPU
		{01E7A391-D7B9-4EE5-A966-F89411859BEA}.Debug|Any CPU.ActiveCfg = Debug|Any CPU
		{01E7A391-D7B9-4EE5-A966-F89411859BEA}.Debug|Any CPU.Build.0 = Debug|Any CPU
		{01E7A391-D7B9-4EE5-A966-F89411859BEA}.Release|Any CPU.ActiveCfg = Release|Any CPU
		{01E7A391-D7B9-4EE5-A966-F89411859BEA}.Release|Any CPU.Build.0 = Release|Any CPU
		{567DB982-A4BF-4EE7-ADDB-82396AFD3AE4}.Debug|Any CPU.ActiveCfg = Debug|Any CPU
		{567DB982-A4BF-4EE7-ADDB-82396AFD3AE4}.Debug|Any CPU.Build.0 = Debug|Any CPU
		{567DB982-A4BF-4EE7-ADDB-82396AFD3AE4}.Release|Any CPU.ActiveCfg = Release|Any CPU
		{567DB982-A4BF-4EE7-ADDB-82396AFD3AE4}.Release|Any CPU.Build.0 = Release|Any CPU
		{11FFB083-3F76-419E-9479-AB9A581EB4C6}.Debug|Any CPU.ActiveCfg = Debug|Any CPU
		{11FFB083-3F76-419E-9479-AB9A581EB4C6}.Debug|Any CPU.Build.0 = Debug|Any CPU
		{11FFB083-3F76-419E-9479-AB9A581EB4C6}.Release|Any CPU.ActiveCfg = Release|Any CPU
		{11FFB083-3F76-419E-9479-AB9A581EB4C6}.Release|Any CPU.Build.0 = Release|Any CPU
		{282A08D1-F67B-45F9-936C-40C8DC370C44}.Debug|Any CPU.ActiveCfg = Debug|Any CPU
		{282A08D1-F67B-45F9-936C-40C8DC370C44}.Debug|Any CPU.Build.0 = Debug|Any CPU
		{282A08D1-F67B-45F9-936C-40C8DC370C44}.Release|Any CPU.ActiveCfg = Release|Any CPU
		{282A08D1-F67B-45F9-936C-40C8DC370C44}.Release|Any CPU.Build.0 = Release|Any CPU
		{78A67DB2-D03E-40B5-A76F-FB1F1028108D}.Debug|Any CPU.ActiveCfg = Debug|Any CPU
		{78A67DB2-D03E-40B5-A76F-FB1F1028108D}.Debug|Any CPU.Build.0 = Debug|Any CPU
		{78A67DB2-D03E-40B5-A76F-FB1F1028108D}.Release|Any CPU.ActiveCfg = Release|Any CPU
		{78A67DB2-D03E-40B5-A76F-FB1F1028108D}.Release|Any CPU.Build.0 = Release|Any CPU
		{4D756F53-3D37-4893-A9CA-AAC1A4CF5337}.Debug|Any CPU.ActiveCfg = Debug|Any CPU
		{4D756F53-3D37-4893-A9CA-AAC1A4CF5337}.Debug|Any CPU.Build.0 = Debug|Any CPU
		{4D756F53-3D37-4893-A9CA-AAC1A4CF5337}.Release|Any CPU.ActiveCfg = Release|Any CPU
		{4D756F53-3D37-4893-A9CA-AAC1A4CF5337}.Release|Any CPU.Build.0 = Release|Any CPU
		{26DB6426-8665-4D71-B816-C2DF2DDF32D5}.Debug|Any CPU.ActiveCfg = Debug|Any CPU
		{26DB6426-8665-4D71-B816-C2DF2DDF32D5}.Debug|Any CPU.Build.0 = Debug|Any CPU
		{26DB6426-8665-4D71-B816-C2DF2DDF32D5}.Release|Any CPU.ActiveCfg = Release|Any CPU
		{26DB6426-8665-4D71-B816-C2DF2DDF32D5}.Release|Any CPU.Build.0 = Release|Any CPU
		{F6F1DB49-13F6-4434-9735-A5C84293E7BD}.Debug|Any CPU.ActiveCfg = Debug|Any CPU
		{F6F1DB49-13F6-4434-9735-A5C84293E7BD}.Debug|Any CPU.Build.0 = Debug|Any CPU
		{F6F1DB49-13F6-4434-9735-A5C84293E7BD}.Release|Any CPU.ActiveCfg = Release|Any CPU
		{F6F1DB49-13F6-4434-9735-A5C84293E7BD}.Release|Any CPU.Build.0 = Release|Any CPU
		{A5F19E59-617B-4A76-A66B-9AC682185B24}.Debug|Any CPU.ActiveCfg = Debug|Any CPU
		{A5F19E59-617B-4A76-A66B-9AC682185B24}.Debug|Any CPU.Build.0 = Debug|Any CPU
		{A5F19E59-617B-4A76-A66B-9AC682185B24}.Release|Any CPU.ActiveCfg = Release|Any CPU
		{A5F19E59-617B-4A76-A66B-9AC682185B24}.Release|Any CPU.Build.0 = Release|Any CPU
		{A5B2F4B7-E99E-478A-8FF0-ABD8E4514372}.Debug|Any CPU.ActiveCfg = Debug|Any CPU
		{A5B2F4B7-E99E-478A-8FF0-ABD8E4514372}.Debug|Any CPU.Build.0 = Debug|Any CPU
		{A5B2F4B7-E99E-478A-8FF0-ABD8E4514372}.Release|Any CPU.ActiveCfg = Release|Any CPU
		{A5B2F4B7-E99E-478A-8FF0-ABD8E4514372}.Release|Any CPU.Build.0 = Release|Any CPU
	EndGlobalSection
	GlobalSection(SolutionProperties) = preSolution
		HideSolutionNode = FALSE
	EndGlobalSection
	GlobalSection(ExtensibilityGlobals) = postSolution
		SolutionGuid = {5E2A8FF1-1252-426D-8185-F9B31A3E46B4}
	EndGlobalSection
EndGlobal
