
Microsoft Visual Studio Solution File, Format Version 12.00
# Visual Studio Version 16
VisualStudioVersion = 16.0.30907.101
MinimumVisualStudioVersion = 10.0.40219.1
Project("{9A19103F-16F7-4668-BE54-9A1E7A4F7556}") = "PoundsToDollars", "DataTipesAndVariables\PoundsToDollars.csproj", "{D2DA6997-F720-45B9-BF47-5AFDC0577BB2}"
EndProject
Project("{9A19103F-16F7-4668-BE54-9A1E7A4F7556}") = "ConvertMetersToKilometers", "ConvertMetersToKilometers\ConvertMetersToKilometers.csproj", "{A5870B6A-7437-4C58-8BE4-DF0AFC58A794}"
EndProject
Project("{FAE04EC0-301F-11D3-BF4B-00C04F79EFBC}") = "CenturiesToMinutes", "CenturiesToMinutes\CenturiesToMinutes.csproj", "{01E7A391-D7B9-4EE5-A966-F89411859BEA}"
EndProject
Global
	GlobalSection(SolutionConfigurationPlatforms) = preSolution
		Debug|Any CPU = Debug|Any CPU
		Release|Any CPU = Release|Any CPU
	EndGlobalSection
	GlobalSection(ProjectConfigurationPlatforms) = postSolution
		{D2DA6997-F720-45B9-BF47-5AFDC0577BB2}.Debug|Any CPU.ActiveCfg = Debug|Any CPU
		{D2DA6997-F720-45B9-BF47-5AFDC0577BB2}.Debug|Any CPU.Build.0 = Debug|Any CPU
		{D2DA6997-F720-45B9-BF47-5AFDC0577BB2}.Release|Any CPU.ActiveCfg = Release|Any CPU
		{D2DA6997-F720-45B9-BF47-5AFDC0577BB2}.Release|Any CPU.Build.0 = Release|Any CPU
		{A5870B6A-7437-4C58-8BE4-DF0AFC58A794}.Debug|Any CPU.ActiveCfg = Debug|Any CPU
		{A5870B6A-7437-4C58-8BE4-DF0AFC58A794}.Debug|Any CPU.Build.0 = Debug|Any CPU
		{A5870B6A-7437-4C58-8BE4-DF0AFC58A794}.Release|Any CPU.ActiveCfg = Release|Any CPU
		{A5870B6A-7437-4C58-8BE4-DF0AFC58A794}.Release|Any CPU.Build.0 = Release|Any CPU
		{01E7A391-D7B9-4EE5-A966-F89411859BEA}.Debug|Any CPU.ActiveCfg = Debug|Any CPU
		{01E7A391-D7B9-4EE5-A966-F89411859BEA}.Debug|Any CPU.Build.0 = Debug|Any CPU
		{01E7A391-D7B9-4EE5-A966-F89411859BEA}.Release|Any CPU.ActiveCfg = Release|Any CPU
		{01E7A391-D7B9-4EE5-A966-F89411859BEA}.Release|Any CPU.Build.0 = Release|Any CPU
	EndGlobalSection
	GlobalSection(SolutionProperties) = preSolution
		HideSolutionNode = FALSE
	EndGlobalSection
	GlobalSection(ExtensibilityGlobals) = postSolution
		SolutionGuid = {5E2A8FF1-1252-426D-8185-F9B31A3E46B4}
	EndGlobalSection
EndGlobal
